
Microsoft Visual Studio Solution File, Format Version 12.00
# Visual Studio 15
VisualStudioVersion = 15.0.27130.2010
MinimumVisualStudioVersion = 10.0.40219.1
Project("{FAE04EC0-301F-11D3-BF4B-00C04F79EFBC}") = "FormFinder", "FormFinder\FormFinder.csproj", "{5193702D-0947-42DB-8809-7F53599BB7FD}"
EndProject
Global
	GlobalSection(SolutionConfigurationPlatforms) = preSolution
		Debug|Any CPU = Debug|Any CPU
		Release|Any CPU = Release|Any CPU
	EndGlobalSection
	GlobalSection(ProjectConfigurationPlatforms) = postSolution
		{5193702D-0947-42DB-8809-7F53599BB7FD}.Debug|Any CPU.ActiveCfg = Debug|Any CPU
		{5193702D-0947-42DB-8809-7F53599BB7FD}.Debug|Any CPU.Build.0 = Debug|Any CPU
		{5193702D-0947-42DB-8809-7F53599BB7FD}.Release|Any CPU.ActiveCfg = Release|Any CPU
		{5193702D-0947-42DB-8809-7F53599BB7FD}.Release|Any CPU.Build.0 = Release|Any CPU
	EndGlobalSection
	GlobalSection(SolutionProperties) = preSolution
		HideSolutionNode = FALSE
	EndGlobalSection
	GlobalSection(ExtensibilityGlobals) = postSolution
		SolutionGuid = {CE4F58C0-36A6-4C48-AC09-3A4E6AA99855}
	EndGlobalSection
EndGlobal
